
Microsoft Visual Studio Solution File, Format Version 12.00
# Visual Studio Version 17
VisualStudioVersion = 17.0.32014.148
MinimumVisualStudioVersion = 10.0.40219.1
Project("{FAE04EC0-301F-11D3-BF4B-00C04F79EFBC}") = "Day 07", "Day 07.csproj", "{C8DE09D5-6B1E-424A-8C33-14996C45FC17}"
EndProject
Global
	GlobalSection(SolutionConfigurationPlatforms) = preSolution
		Debug|Any CPU = Debug|Any CPU
		Release|Any CPU = Release|Any CPU
	EndGlobalSection
	GlobalSection(ProjectConfigurationPlatforms) = postSolution
		{C8DE09D5-6B1E-424A-8C33-14996C45FC17}.Debug|Any CPU.ActiveCfg = Debug|Any CPU
		{C8DE09D5-6B1E-424A-8C33-14996C45FC17}.Debug|Any CPU.Build.0 = Debug|Any CPU
		{C8DE09D5-6B1E-424A-8C33-14996C45FC17}.Release|Any CPU.ActiveCfg = Release|Any CPU
		{C8DE09D5-6B1E-424A-8C33-14996C45FC17}.Release|Any CPU.Build.0 = Release|Any CPU
	EndGlobalSection
	GlobalSection(SolutionProperties) = preSolution
		HideSolutionNode = FALSE
	EndGlobalSection
	GlobalSection(ExtensibilityGlobals) = postSolution
		SolutionGuid = {F43833E0-2B50-4B96-8A96-93D5162DDF36}
	EndGlobalSection
EndGlobal
